
Microsoft Visual Studio Solution File, Format Version 12.00
# Visual Studio Version 16
VisualStudioVersion = 16.0.29911.84
MinimumVisualStudioVersion = 10.0.40219.1
Project("{8BC9CEB8-8B4A-11D0-8D11-00A0C91BC942}") = "WEEK12", "WEEK12.vcxproj", "{BF86A47A-F6B9-41EE-958D-E09778F8A7CA}"
EndProject
Global
	GlobalSection(SolutionConfigurationPlatforms) = preSolution
		Debug|x64 = Debug|x64
		Debug|x86 = Debug|x86
		Release|x64 = Release|x64
		Release|x86 = Release|x86
	EndGlobalSection
	GlobalSection(ProjectConfigurationPlatforms) = postSolution
		{BF86A47A-F6B9-41EE-958D-E09778F8A7CA}.Debug|x64.ActiveCfg = Debug|x64
		{BF86A47A-F6B9-41EE-958D-E09778F8A7CA}.Debug|x64.Build.0 = Debug|x64
		{BF86A47A-F6B9-41EE-958D-E09778F8A7CA}.Debug|x86.ActiveCfg = Debug|Win32
		{BF86A47A-F6B9-41EE-958D-E09778F8A7CA}.Debug|x86.Build.0 = Debug|Win32
		{BF86A47A-F6B9-41EE-958D-E09778F8A7CA}.Release|x64.ActiveCfg = Release|x64
		{BF86A47A-F6B9-41EE-958D-E09778F8A7CA}.Release|x64.Build.0 = Release|x64
		{BF86A47A-F6B9-41EE-958D-E09778F8A7CA}.Release|x86.ActiveCfg = Release|Win32
		{BF86A47A-F6B9-41EE-958D-E09778F8A7CA}.Release|x86.Build.0 = Release|Win32
	EndGlobalSection
	GlobalSection(SolutionProperties) = preSolution
		HideSolutionNode = FALSE
	EndGlobalSection
	GlobalSection(ExtensibilityGlobals) = postSolution
		SolutionGuid = {01802D2F-8BAC-47AD-83BC-229D72A0B312}
	EndGlobalSection
EndGlobal
