
Microsoft Visual Studio Solution File, Format Version 12.00
# Visual Studio Version 16
VisualStudioVersion = 16.0.29911.84
MinimumVisualStudioVersion = 10.0.40219.1
Project("{8BC9CEB8-8B4A-11D0-8D11-00A0C91BC942}") = "WEEK9", "WEEK9.vcxproj", "{F966BC99-B151-4570-86A2-C412E176ED58}"
EndProject
Global
	GlobalSection(SolutionConfigurationPlatforms) = preSolution
		Debug|x64 = Debug|x64
		Debug|x86 = Debug|x86
		Release|x64 = Release|x64
		Release|x86 = Release|x86
	EndGlobalSection
	GlobalSection(ProjectConfigurationPlatforms) = postSolution
		{F966BC99-B151-4570-86A2-C412E176ED58}.Debug|x64.ActiveCfg = Debug|x64
		{F966BC99-B151-4570-86A2-C412E176ED58}.Debug|x64.Build.0 = Debug|x64
		{F966BC99-B151-4570-86A2-C412E176ED58}.Debug|x86.ActiveCfg = Debug|Win32
		{F966BC99-B151-4570-86A2-C412E176ED58}.Debug|x86.Build.0 = Debug|Win32
		{F966BC99-B151-4570-86A2-C412E176ED58}.Release|x64.ActiveCfg = Release|x64
		{F966BC99-B151-4570-86A2-C412E176ED58}.Release|x64.Build.0 = Release|x64
		{F966BC99-B151-4570-86A2-C412E176ED58}.Release|x86.ActiveCfg = Release|Win32
		{F966BC99-B151-4570-86A2-C412E176ED58}.Release|x86.Build.0 = Release|Win32
	EndGlobalSection
	GlobalSection(SolutionProperties) = preSolution
		HideSolutionNode = FALSE
	EndGlobalSection
	GlobalSection(ExtensibilityGlobals) = postSolution
		SolutionGuid = {D835EA0D-9046-4F07-BB5F-FE8D6EDC5576}
	EndGlobalSection
EndGlobal
